
Microsoft Visual Studio Solution File, Format Version 12.00
# Visual Studio Version 17
VisualStudioVersion = 17.0.32112.339
MinimumVisualStudioVersion = 10.0.40219.1
Project("{9A19103F-16F7-4668-BE54-9A1E7A4F7556}") = "LtmApp.DAL", "LtmApp.DAL\LtmApp.DAL.csproj", "{7986406F-D482-4246-945D-F38E1B283BC3}"
EndProject
Project("{9A19103F-16F7-4668-BE54-9A1E7A4F7556}") = "LtmApp.BL", "LtmApp.BL\LtmApp.BL.csproj", "{95805F54-DA9E-4668-9800-E6FBA6647C7F}"
EndProject
Project("{9A19103F-16F7-4668-BE54-9A1E7A4F7556}") = "LtmApp.SL", "LtmApp.SL\LtmApp.SL.csproj", "{A8871A0D-8A59-4349-827E-5FCFFFEB1DF9}"
EndProject
Project("{9A19103F-16F7-4668-BE54-9A1E7A4F7556}") = "LtmApp.Web", "LtmApp.Web\LtmApp.Web.csproj", "{E5782B1A-3E16-43A7-ADF7-BFFD9996C332}"
EndProject
Project("{FAE04EC0-301F-11D3-BF4B-00C04F79EFBC}") = "LtmApp.WinForm", "LtmApp.WinForm\LtmApp.WinForm.csproj", "{8CA4B83F-96B0-4DCF-AF12-3185B03262F1}"
EndProject
Project("{FAE04EC0-301F-11D3-BF4B-00C04F79EFBC}") = "LtmApp.Api", "LtmApp.Api\LtmApp.Api.csproj", "{EF5D74F0-B7A8-46A1-9F53-F9AA66C179CD}"
EndProject
Global
	GlobalSection(SolutionConfigurationPlatforms) = preSolution
		Debug|Any CPU = Debug|Any CPU
		Release|Any CPU = Release|Any CPU
	EndGlobalSection
	GlobalSection(ProjectConfigurationPlatforms) = postSolution
		{7986406F-D482-4246-945D-F38E1B283BC3}.Debug|Any CPU.ActiveCfg = Debug|Any CPU
		{7986406F-D482-4246-945D-F38E1B283BC3}.Debug|Any CPU.Build.0 = Debug|Any CPU
		{7986406F-D482-4246-945D-F38E1B283BC3}.Release|Any CPU.ActiveCfg = Release|Any CPU
		{7986406F-D482-4246-945D-F38E1B283BC3}.Release|Any CPU.Build.0 = Release|Any CPU
		{95805F54-DA9E-4668-9800-E6FBA6647C7F}.Debug|Any CPU.ActiveCfg = Debug|Any CPU
		{95805F54-DA9E-4668-9800-E6FBA6647C7F}.Debug|Any CPU.Build.0 = Debug|Any CPU
		{95805F54-DA9E-4668-9800-E6FBA6647C7F}.Release|Any CPU.ActiveCfg = Release|Any CPU
		{95805F54-DA9E-4668-9800-E6FBA6647C7F}.Release|Any CPU.Build.0 = Release|Any CPU
		{A8871A0D-8A59-4349-827E-5FCFFFEB1DF9}.Debug|Any CPU.ActiveCfg = Debug|Any CPU
		{A8871A0D-8A59-4349-827E-5FCFFFEB1DF9}.Debug|Any CPU.Build.0 = Debug|Any CPU
		{A8871A0D-8A59-4349-827E-5FCFFFEB1DF9}.Release|Any CPU.ActiveCfg = Release|Any CPU
		{A8871A0D-8A59-4349-827E-5FCFFFEB1DF9}.Release|Any CPU.Build.0 = Release|Any CPU
		{E5782B1A-3E16-43A7-ADF7-BFFD9996C332}.Debug|Any CPU.ActiveCfg = Debug|Any CPU
		{E5782B1A-3E16-43A7-ADF7-BFFD9996C332}.Debug|Any CPU.Build.0 = Debug|Any CPU
		{E5782B1A-3E16-43A7-ADF7-BFFD9996C332}.Release|Any CPU.ActiveCfg = Release|Any CPU
		{E5782B1A-3E16-43A7-ADF7-BFFD9996C332}.Release|Any CPU.Build.0 = Release|Any CPU
		{8CA4B83F-96B0-4DCF-AF12-3185B03262F1}.Debug|Any CPU.ActiveCfg = Debug|Any CPU
		{8CA4B83F-96B0-4DCF-AF12-3185B03262F1}.Debug|Any CPU.Build.0 = Debug|Any CPU
		{8CA4B83F-96B0-4DCF-AF12-3185B03262F1}.Release|Any CPU.ActiveCfg = Release|Any CPU
		{8CA4B83F-96B0-4DCF-AF12-3185B03262F1}.Release|Any CPU.Build.0 = Release|Any CPU
		{EF5D74F0-B7A8-46A1-9F53-F9AA66C179CD}.Debug|Any CPU.ActiveCfg = Debug|Any CPU
		{EF5D74F0-B7A8-46A1-9F53-F9AA66C179CD}.Debug|Any CPU.Build.0 = Debug|Any CPU
		{EF5D74F0-B7A8-46A1-9F53-F9AA66C179CD}.Release|Any CPU.ActiveCfg = Release|Any CPU
		{EF5D74F0-B7A8-46A1-9F53-F9AA66C179CD}.Release|Any CPU.Build.0 = Release|Any CPU
	EndGlobalSection
	GlobalSection(SolutionProperties) = preSolution
		HideSolutionNode = FALSE
	EndGlobalSection
	GlobalSection(ExtensibilityGlobals) = postSolution
		SolutionGuid = {AB0E3781-D43D-4B40-8EF3-7CD8D4D8D517}
	EndGlobalSection
EndGlobal
